
Microsoft Visual Studio Solution File, Format Version 12.00
# Visual Studio Version 17
VisualStudioVersion = 17.4.33213.308
MinimumVisualStudioVersion = 10.0.40219.1
Project("{FAE04EC0-301F-11D3-BF4B-00C04F79EFBC}") = "ConsoleApp3.7.4", "ConsoleApp3.7.4\ConsoleApp3.7.4.csproj", "{1C64E94C-C425-4307-80EA-18761B34BFE9}"
EndProject
Global
	GlobalSection(SolutionConfigurationPlatforms) = preSolution
		Debug|Any CPU = Debug|Any CPU
		Release|Any CPU = Release|Any CPU
	EndGlobalSection
	GlobalSection(ProjectConfigurationPlatforms) = postSolution
		{1C64E94C-C425-4307-80EA-18761B34BFE9}.Debug|Any CPU.ActiveCfg = Debug|Any CPU
		{1C64E94C-C425-4307-80EA-18761B34BFE9}.Debug|Any CPU.Build.0 = Debug|Any CPU
		{1C64E94C-C425-4307-80EA-18761B34BFE9}.Release|Any CPU.ActiveCfg = Release|Any CPU
		{1C64E94C-C425-4307-80EA-18761B34BFE9}.Release|Any CPU.Build.0 = Release|Any CPU
	EndGlobalSection
	GlobalSection(SolutionProperties) = preSolution
		HideSolutionNode = FALSE
	EndGlobalSection
	GlobalSection(ExtensibilityGlobals) = postSolution
		SolutionGuid = {080403E8-F933-4F4E-9985-6B36F7B59EAE}
	EndGlobalSection
EndGlobal
